
Microsoft Visual Studio Solution File, Format Version 12.00
# Visual Studio Version 17
VisualStudioVersion = 17.13.35825.156 d17.13
MinimumVisualStudioVersion = 10.0.40219.1
Project("{FAE04EC0-301F-11D3-BF4B-00C04F79EFBC}") = "webapptest", "webapptest\webapptest.csproj", "{F2D1BDE7-245D-48CC-9A84-17FC1725E829}"
EndProject
Global
	GlobalSection(SolutionConfigurationPlatforms) = preSolution
		Debug|Any CPU = Debug|Any CPU
		Release|Any CPU = Release|Any CPU
	EndGlobalSection
	GlobalSection(ProjectConfigurationPlatforms) = postSolution
		{F2D1BDE7-245D-48CC-9A84-17FC1725E829}.Debug|Any CPU.ActiveCfg = Debug|Any CPU
		{F2D1BDE7-245D-48CC-9A84-17FC1725E829}.Debug|Any CPU.Build.0 = Debug|Any CPU
		{F2D1BDE7-245D-48CC-9A84-17FC1725E829}.Release|Any CPU.ActiveCfg = Release|Any CPU
		{F2D1BDE7-245D-48CC-9A84-17FC1725E829}.Release|Any CPU.Build.0 = Release|Any CPU
	EndGlobalSection
	GlobalSection(SolutionProperties) = preSolution
		HideSolutionNode = FALSE
	EndGlobalSection
	GlobalSection(ExtensibilityGlobals) = postSolution
		SolutionGuid = {490A327A-83AD-4767-9BEB-220C8CBC6FC8}
	EndGlobalSection
EndGlobal
